
Microsoft Visual Studio Solution File, Format Version 12.00
# Visual Studio Version 17
VisualStudioVersion = 17.2.32602.215
MinimumVisualStudioVersion = 10.0.40219.1
Project("{9A19103F-16F7-4668-BE54-9A1E7A4F7556}") = "PsychIndustries.WebApi", "PsychIndustries.WebApi.csproj", "{350E67AB-2BB7-4EFC-98E7-C318744507E7}"
EndProject
Global
	GlobalSection(SolutionConfigurationPlatforms) = preSolution
		Debug|Any CPU = Debug|Any CPU
		Release|Any CPU = Release|Any CPU
	EndGlobalSection
	GlobalSection(ProjectConfigurationPlatforms) = postSolution
		{350E67AB-2BB7-4EFC-98E7-C318744507E7}.Debug|Any CPU.ActiveCfg = Debug|Any CPU
		{350E67AB-2BB7-4EFC-98E7-C318744507E7}.Debug|Any CPU.Build.0 = Debug|Any CPU
		{350E67AB-2BB7-4EFC-98E7-C318744507E7}.Release|Any CPU.ActiveCfg = Release|Any CPU
		{350E67AB-2BB7-4EFC-98E7-C318744507E7}.Release|Any CPU.Build.0 = Release|Any CPU
	EndGlobalSection
	GlobalSection(SolutionProperties) = preSolution
		HideSolutionNode = FALSE
	EndGlobalSection
	GlobalSection(ExtensibilityGlobals) = postSolution
		SolutionGuid = {4CC2311F-F597-421A-B288-8ACC2D185DB5}
	EndGlobalSection
EndGlobal
